// !$*UTF8*$!
{
	archiveVersion = 1;
	classes = {
	};
	objectVersion = 50;
	objects = {

/* Begin PBXBuildFile section */
		78084D602226BFF000674BD8 /* ReposListViewController.storyboard in Resources */ = {isa = PBXBuildFile; fileRef = 78084D582226BFF000674BD8 /* ReposListViewController.storyboard */; };
		78100B8A2226B5BF0006D870 /* AppDelegate.swift in Sources */ = {isa = PBXBuildFile; fileRef = 78100B892226B5BF0006D870 /* AppDelegate.swift */; };
		78100B912226B5C00006D870 /* Assets.xcassets in Resources */ = {isa = PBXBuildFile; fileRef = 78100B902226B5C00006D870 /* Assets.xcassets */; };
		78100B942226B5C00006D870 /* LaunchScreen.storyboard in Resources */ = {isa = PBXBuildFile; fileRef = 78100B922226B5C00006D870 /* LaunchScreen.storyboard */; };
		7835C1962227F97500DA74EE /* AppCoordinator.swift in Sources */ = {isa = PBXBuildFile; fileRef = 7835C1952227F97500DA74EE /* AppCoordinator.swift */; };
		7835C1982227FB4800DA74EE /* AppAssembly.swift in Sources */ = {isa = PBXBuildFile; fileRef = 7835C1972227FB4800DA74EE /* AppAssembly.swift */; };
		7835C19E2228014A00DA74EE /* FetchReposModuleInput.swift in Sources */ = {isa = PBXBuildFile; fileRef = 7835C19D2228014A00DA74EE /* FetchReposModuleInput.swift */; };
		7835C1A12228018400DA74EE /* FetchReposViewOutput.swift in Sources */ = {isa = PBXBuildFile; fileRef = 7835C1A02228018400DA74EE /* FetchReposViewOutput.swift */; };
		7835C1A32228019A00DA74EE /* FetchReposViewInput.swift in Sources */ = {isa = PBXBuildFile; fileRef = 7835C1A22228019A00DA74EE /* FetchReposViewInput.swift */; };
		7835C1A5222801BA00DA74EE /* FetchReposViewDataProvider.swift in Sources */ = {isa = PBXBuildFile; fileRef = 7835C1A4222801BA00DA74EE /* FetchReposViewDataProvider.swift */; };
		7835C1A8222801D200DA74EE /* FetchReposPresenter.swift in Sources */ = {isa = PBXBuildFile; fileRef = 7835C1A7222801D200DA74EE /* FetchReposPresenter.swift */; };
		7835C1AB2228043000DA74EE /* ReposListViewController.swift in Sources */ = {isa = PBXBuildFile; fileRef = 7835C1AA2228043000DA74EE /* ReposListViewController.swift */; };
		7835C1AE2228055000DA74EE /* ReposListViewDataProvider.swift in Sources */ = {isa = PBXBuildFile; fileRef = 7835C1AD2228055000DA74EE /* ReposListViewDataProvider.swift */; };
		7835C1B0222805C300DA74EE /* ReposListViewOutput.swift in Sources */ = {isa = PBXBuildFile; fileRef = 7835C1AF222805C300DA74EE /* ReposListViewOutput.swift */; };
		7835C1B3222806AF00DA74EE /* ViewOutput.swift in Sources */ = {isa = PBXBuildFile; fileRef = 7835C1B2222806AF00DA74EE /* ViewOutput.swift */; };
		7835C1B5222809D600DA74EE /* ReposListViewInput.swift in Sources */ = {isa = PBXBuildFile; fileRef = 7835C1B4222809D600DA74EE /* ReposListViewInput.swift */; };
		7835C1BB22280D8700DA74EE /* FetchReposViewController.swift in Sources */ = {isa = PBXBuildFile; fileRef = 7835C1BA22280D8700DA74EE /* FetchReposViewController.swift */; };
		7835C1BD22280F4300DA74EE /* RepoCell.xib in Resources */ = {isa = PBXBuildFile; fileRef = 7835C1BC22280F4300DA74EE /* RepoCell.xib */; };
		7835C1BF222814BD00DA74EE /* UICollectionViewController+Defaults.swift in Sources */ = {isa = PBXBuildFile; fileRef = 7835C1BE222814BD00DA74EE /* UICollectionViewController+Defaults.swift */; };
		7835C1C1222818DA00DA74EE /* RepositoryList.swift in Sources */ = {isa = PBXBuildFile; fileRef = 7835C1C0222818DA00DA74EE /* RepositoryList.swift */; };
		7835C1C722283D9E00DA74EE /* EllipseView.swift in Sources */ = {isa = PBXBuildFile; fileRef = 7835C1C622283D9E00DA74EE /* EllipseView.swift */; };
		7835C1C922283F7000DA74EE /* LineView.swift in Sources */ = {isa = PBXBuildFile; fileRef = 7835C1C822283F7000DA74EE /* LineView.swift */; };
		7835C1CC222843CF00DA74EE /* SwitcherView.swift in Sources */ = {isa = PBXBuildFile; fileRef = 7835C1CB222843CF00DA74EE /* SwitcherView.swift */; };
		7835C1CE222866CD00DA74EE /* PeriodSelectionView.swift in Sources */ = {isa = PBXBuildFile; fileRef = 7835C1CD222866CD00DA74EE /* PeriodSelectionView.swift */; };
		7835C1D0222866F100DA74EE /* PeriodSelectionView.xib in Resources */ = {isa = PBXBuildFile; fileRef = 7835C1CF222866F100DA74EE /* PeriodSelectionView.xib */; };
		7835C1D822286D5800DA74EE /* RootTabControllerModule.swift in Sources */ = {isa = PBXBuildFile; fileRef = 7835C1D722286D5800DA74EE /* RootTabControllerModule.swift */; };
		7835C1DA2228705300DA74EE /* ReposListModuleInput.swift in Sources */ = {isa = PBXBuildFile; fileRef = 7835C1D92228705300DA74EE /* ReposListModuleInput.swift */; };
		7835C1DC2228744C00DA74EE /* RootTabbarController.swift in Sources */ = {isa = PBXBuildFile; fileRef = 7835C1DB2228744C00DA74EE /* RootTabbarController.swift */; };
		7835C1DE2228767B00DA74EE /* RootTabControllerViewOutput.swift in Sources */ = {isa = PBXBuildFile; fileRef = 7835C1DD2228767B00DA74EE /* RootTabControllerViewOutput.swift */; };
		78582BFD222A860700CEC75E /* URLResponse+Additions.swift in Sources */ = {isa = PBXBuildFile; fileRef = 78582BFC222A860700CEC75E /* URLResponse+Additions.swift */; };
		78582BFF222A8E8800CEC75E /* CreationPeriod.swift in Sources */ = {isa = PBXBuildFile; fileRef = 78582BFE222A8E8800CEC75E /* CreationPeriod.swift */; };
		7859C7F72227000B00505AB8 /* NetworkingTransport.swift in Sources */ = {isa = PBXBuildFile; fileRef = 7859C7F62227000B00505AB8 /* NetworkingTransport.swift */; };
		7859C7F9222700CE00505AB8 /* ReposLoadingService.swift in Sources */ = {isa = PBXBuildFile; fileRef = 7859C7F8222700CE00505AB8 /* ReposLoadingService.swift */; };
		7859C7FF2227139400505AB8 /* Repository.swift in Sources */ = {isa = PBXBuildFile; fileRef = 7859C7FE2227139400505AB8 /* Repository.swift */; };
		7859C801222713BF00505AB8 /* RepositorySearchPayload.swift in Sources */ = {isa = PBXBuildFile; fileRef = 7859C800222713BF00505AB8 /* RepositorySearchPayload.swift */; };
		7859C80622271AE600505AB8 /* RepoCell.swift in Sources */ = {isa = PBXBuildFile; fileRef = 7859C80522271AE600505AB8 /* RepoCell.swift */; };
		7859C80922271DD000505AB8 /* Int+Additions.swift in Sources */ = {isa = PBXBuildFile; fileRef = 7859C80822271DD000505AB8 /* Int+Additions.swift */; };
		B3B0D60E76D3D663994B0C71 /* Pods_Stanwood_assignment.framework in Frameworks */ = {isa = PBXBuildFile; fileRef = 656D3A72E17C100B0B08993F /* Pods_Stanwood_assignment.framework */; };
/* End PBXBuildFile section */

/* Begin PBXFileReference section */
		293BA13C0A8CC9B6ED6B2A4F /* Pods-Stanwood-assignment.debug.xcconfig */ = {isa = PBXFileReference; includeInIndex = 1; lastKnownFileType = text.xcconfig; name = "Pods-Stanwood-assignment.debug.xcconfig"; path = "Pods/Target Support Files/Pods-Stanwood-assignment/Pods-Stanwood-assignment.debug.xcconfig"; sourceTree = "<group>"; };
		656D3A72E17C100B0B08993F /* Pods_Stanwood_assignment.framework */ = {isa = PBXFileReference; explicitFileType = wrapper.framework; includeInIndex = 0; path = Pods_Stanwood_assignment.framework; sourceTree = BUILT_PRODUCTS_DIR; };
		78084D582226BFF000674BD8 /* ReposListViewController.storyboard */ = {isa = PBXFileReference; lastKnownFileType = file.storyboard; path = ReposListViewController.storyboard; sourceTree = "<group>"; };
		78100B862226B5BF0006D870 /* Stanwood-assignment.app */ = {isa = PBXFileReference; explicitFileType = wrapper.application; includeInIndex = 0; path = "Stanwood-assignment.app"; sourceTree = BUILT_PRODUCTS_DIR; };
		78100B892226B5BF0006D870 /* AppDelegate.swift */ = {isa = PBXFileReference; lastKnownFileType = sourcecode.swift; path = AppDelegate.swift; sourceTree = "<group>"; };
		78100B902226B5C00006D870 /* Assets.xcassets */ = {isa = PBXFileReference; lastKnownFileType = folder.assetcatalog; path = Assets.xcassets; sourceTree = "<group>"; };
		78100B932226B5C00006D870 /* Base */ = {isa = PBXFileReference; lastKnownFileType = file.storyboard; name = Base; path = Base.lproj/LaunchScreen.storyboard; sourceTree = "<group>"; };
		78100B952226B5C00006D870 /* Info.plist */ = {isa = PBXFileReference; lastKnownFileType = text.plist.xml; path = Info.plist; sourceTree = "<group>"; };
		7835C1952227F97500DA74EE /* AppCoordinator.swift */ = {isa = PBXFileReference; fileEncoding = 4; lastKnownFileType = sourcecode.swift; path = AppCoordinator.swift; sourceTree = "<group>"; };
		7835C1972227FB4800DA74EE /* AppAssembly.swift */ = {isa = PBXFileReference; fileEncoding = 4; lastKnownFileType = sourcecode.swift; path = AppAssembly.swift; sourceTree = "<group>"; };
		7835C19D2228014A00DA74EE /* FetchReposModuleInput.swift */ = {isa = PBXFileReference; lastKnownFileType = sourcecode.swift; path = FetchReposModuleInput.swift; sourceTree = "<group>"; };
		7835C1A02228018400DA74EE /* FetchReposViewOutput.swift */ = {isa = PBXFileReference; lastKnownFileType = sourcecode.swift; path = FetchReposViewOutput.swift; sourceTree = "<group>"; };
		7835C1A22228019A00DA74EE /* FetchReposViewInput.swift */ = {isa = PBXFileReference; lastKnownFileType = sourcecode.swift; path = FetchReposViewInput.swift; sourceTree = "<group>"; };
		7835C1A4222801BA00DA74EE /* FetchReposViewDataProvider.swift */ = {isa = PBXFileReference; lastKnownFileType = sourcecode.swift; path = FetchReposViewDataProvider.swift; sourceTree = "<group>"; };
		7835C1A7222801D200DA74EE /* FetchReposPresenter.swift */ = {isa = PBXFileReference; lastKnownFileType = sourcecode.swift; path = FetchReposPresenter.swift; sourceTree = "<group>"; };
		7835C1AA2228043000DA74EE /* ReposListViewController.swift */ = {isa = PBXFileReference; lastKnownFileType = sourcecode.swift; path = ReposListViewController.swift; sourceTree = "<group>"; };
		7835C1AD2228055000DA74EE /* ReposListViewDataProvider.swift */ = {isa = PBXFileReference; lastKnownFileType = sourcecode.swift; path = ReposListViewDataProvider.swift; sourceTree = "<group>"; };
		7835C1AF222805C300DA74EE /* ReposListViewOutput.swift */ = {isa = PBXFileReference; lastKnownFileType = sourcecode.swift; path = ReposListViewOutput.swift; sourceTree = "<group>"; };
		7835C1B2222806AF00DA74EE /* ViewOutput.swift */ = {isa = PBXFileReference; lastKnownFileType = sourcecode.swift; path = ViewOutput.swift; sourceTree = "<group>"; };
		7835C1B4222809D600DA74EE /* ReposListViewInput.swift */ = {isa = PBXFileReference; lastKnownFileType = sourcecode.swift; path = ReposListViewInput.swift; sourceTree = "<group>"; };
		7835C1BA22280D8700DA74EE /* FetchReposViewController.swift */ = {isa = PBXFileReference; lastKnownFileType = sourcecode.swift; path = FetchReposViewController.swift; sourceTree = "<group>"; };
		7835C1BC22280F4300DA74EE /* RepoCell.xib */ = {isa = PBXFileReference; lastKnownFileType = file.xib; path = RepoCell.xib; sourceTree = "<group>"; };
		7835C1BE222814BD00DA74EE /* UICollectionViewController+Defaults.swift */ = {isa = PBXFileReference; lastKnownFileType = sourcecode.swift; path = "UICollectionViewController+Defaults.swift"; sourceTree = "<group>"; };
		7835C1C0222818DA00DA74EE /* RepositoryList.swift */ = {isa = PBXFileReference; lastKnownFileType = sourcecode.swift; path = RepositoryList.swift; sourceTree = "<group>"; };
		7835C1C622283D9E00DA74EE /* EllipseView.swift */ = {isa = PBXFileReference; fileEncoding = 4; lastKnownFileType = sourcecode.swift; path = EllipseView.swift; sourceTree = "<group>"; };
		7835C1C822283F7000DA74EE /* LineView.swift */ = {isa = PBXFileReference; fileEncoding = 4; lastKnownFileType = sourcecode.swift; path = LineView.swift; sourceTree = "<group>"; };
		7835C1CB222843CF00DA74EE /* SwitcherView.swift */ = {isa = PBXFileReference; lastKnownFileType = sourcecode.swift; path = SwitcherView.swift; sourceTree = "<group>"; };
		7835C1CD222866CD00DA74EE /* PeriodSelectionView.swift */ = {isa = PBXFileReference; lastKnownFileType = sourcecode.swift; path = PeriodSelectionView.swift; sourceTree = "<group>"; };
		7835C1CF222866F100DA74EE /* PeriodSelectionView.xib */ = {isa = PBXFileReference; lastKnownFileType = file.xib; path = PeriodSelectionView.xib; sourceTree = "<group>"; };
		7835C1D722286D5800DA74EE /* RootTabControllerModule.swift */ = {isa = PBXFileReference; lastKnownFileType = sourcecode.swift; path = RootTabControllerModule.swift; sourceTree = "<group>"; };
		7835C1D92228705300DA74EE /* ReposListModuleInput.swift */ = {isa = PBXFileReference; lastKnownFileType = sourcecode.swift; path = ReposListModuleInput.swift; sourceTree = "<group>"; };
		7835C1DB2228744C00DA74EE /* RootTabbarController.swift */ = {isa = PBXFileReference; lastKnownFileType = sourcecode.swift; path = RootTabbarController.swift; sourceTree = "<group>"; };
		7835C1DD2228767B00DA74EE /* RootTabControllerViewOutput.swift */ = {isa = PBXFileReference; lastKnownFileType = sourcecode.swift; path = RootTabControllerViewOutput.swift; sourceTree = "<group>"; };
		78582BFC222A860700CEC75E /* URLResponse+Additions.swift */ = {isa = PBXFileReference; lastKnownFileType = sourcecode.swift; path = "URLResponse+Additions.swift"; sourceTree = "<group>"; };
		78582BFE222A8E8800CEC75E /* CreationPeriod.swift */ = {isa = PBXFileReference; lastKnownFileType = sourcecode.swift; path = CreationPeriod.swift; sourceTree = "<group>"; };
		7859C7F12226C21900505AB8 /* Stanwood-assignment-Bridging-Header.h */ = {isa = PBXFileReference; lastKnownFileType = sourcecode.c.h; path = "Stanwood-assignment-Bridging-Header.h"; sourceTree = "<group>"; };
		7859C7F62227000B00505AB8 /* NetworkingTransport.swift */ = {isa = PBXFileReference; fileEncoding = 4; lastKnownFileType = sourcecode.swift; path = NetworkingTransport.swift; sourceTree = "<group>"; };
		7859C7F8222700CE00505AB8 /* ReposLoadingService.swift */ = {isa = PBXFileReference; lastKnownFileType = sourcecode.swift; path = ReposLoadingService.swift; sourceTree = "<group>"; };
		7859C7FE2227139400505AB8 /* Repository.swift */ = {isa = PBXFileReference; lastKnownFileType = sourcecode.swift; path = Repository.swift; sourceTree = "<group>"; };
		7859C800222713BF00505AB8 /* RepositorySearchPayload.swift */ = {isa = PBXFileReference; lastKnownFileType = sourcecode.swift; path = RepositorySearchPayload.swift; sourceTree = "<group>"; };
		7859C80522271AE600505AB8 /* RepoCell.swift */ = {isa = PBXFileReference; lastKnownFileType = sourcecode.swift; path = RepoCell.swift; sourceTree = "<group>"; };
		7859C80822271DD000505AB8 /* Int+Additions.swift */ = {isa = PBXFileReference; lastKnownFileType = sourcecode.swift; path = "Int+Additions.swift"; sourceTree = "<group>"; };
		D7DD8FE39AEC8A73B0432649 /* Pods-Stanwood-assignment.release.xcconfig */ = {isa = PBXFileReference; includeInIndex = 1; lastKnownFileType = text.xcconfig; name = "Pods-Stanwood-assignment.release.xcconfig"; path = "Pods/Target Support Files/Pods-Stanwood-assignment/Pods-Stanwood-assignment.release.xcconfig"; sourceTree = "<group>"; };
/* End PBXFileReference section */

/* Begin PBXFrameworksBuildPhase section */
		78100B832226B5BF0006D870 /* Frameworks */ = {
			isa = PBXFrameworksBuildPhase;
			buildActionMask = 2147483647;
			files = (
				B3B0D60E76D3D663994B0C71 /* Pods_Stanwood_assignment.framework in Frameworks */,
			);
			runOnlyForDeploymentPostprocessing = 0;
		};
/* End PBXFrameworksBuildPhase section */

/* Begin PBXGroup section */
		08F9941AF1148D6154D2CB90 /* Frameworks */ = {
			isa = PBXGroup;
			children = (
				656D3A72E17C100B0B08993F /* Pods_Stanwood_assignment.framework */,
			);
			name = Frameworks;
			sourceTree = "<group>";
		};
		78084D542226BFD600674BD8 /* ReposList */ = {
			isa = PBXGroup;
			children = (
				7835C1AC2228053800DA74EE /* Protocols */,
				7835C1A92228028600DA74EE /* Service */,
				7859C80422271ADB00505AB8 /* Views */,
				7859C7FD2227137E00505AB8 /* Models */,
				78084D582226BFF000674BD8 /* ReposListViewController.storyboard */,
			);
			path = ReposList;
			sourceTree = "<group>";
		};
		78100B7D2226B5BF0006D870 = {
			isa = PBXGroup;
			children = (
				78100B882226B5BF0006D870 /* Stanwood-assignment */,
				78100B872226B5BF0006D870 /* Products */,
				A8F67207862070C827433A22 /* Pods */,
				08F9941AF1148D6154D2CB90 /* Frameworks */,
			);
			sourceTree = "<group>";
		};
		78100B872226B5BF0006D870 /* Products */ = {
			isa = PBXGroup;
			children = (
				78100B862226B5BF0006D870 /* Stanwood-assignment.app */,
			);
			name = Products;
			sourceTree = "<group>";
		};
		78100B882226B5BF0006D870 /* Stanwood-assignment */ = {
			isa = PBXGroup;
			children = (
				78100B9C2226B6320006D870 /* Source */,
				78100B9D2226B64D0006D870 /* Assets */,
				78100BA02226B6860006D870 /* Supporting-files */,
			);
			path = "Stanwood-assignment";
			sourceTree = "<group>";
		};
		78100B9B2226B61F0006D870 /* Application */ = {
			isa = PBXGroup;
			children = (
				78100B892226B5BF0006D870 /* AppDelegate.swift */,
				7835C1952227F97500DA74EE /* AppCoordinator.swift */,
				7835C1972227FB4800DA74EE /* AppAssembly.swift */,
				78100B922226B5C00006D870 /* LaunchScreen.storyboard */,
			);
			path = Application;
			sourceTree = "<group>";
		};
		78100B9C2226B6320006D870 /* Source */ = {
			isa = PBXGroup;
			children = (
				78100B9B2226B61F0006D870 /* Application */,
				78100B9E2226B65E0006D870 /* Common */,
				78100B9F2226B6710006D870 /* Modules */,
			);
			path = Source;
			sourceTree = "<group>";
		};
		78100B9D2226B64D0006D870 /* Assets */ = {
			isa = PBXGroup;
			children = (
				78100B902226B5C00006D870 /* Assets.xcassets */,
			);
			path = Assets;
			sourceTree = "<group>";
		};
		78100B9E2226B65E0006D870 /* Common */ = {
			isa = PBXGroup;
			children = (
				7859C80722271DC000505AB8 /* Utils */,
				7859C7F52227000000505AB8 /* Networking */,
			);
			path = Common;
			sourceTree = "<group>";
		};
		78100B9F2226B6710006D870 /* Modules */ = {
			isa = PBXGroup;
			children = (
				7835C19A222800C400DA74EE /* Common */,
				7835C1D222286B9100DA74EE /* RootTabController */,
				78084D542226BFD600674BD8 /* ReposList */,
				7835C19B2228011D00DA74EE /* FetchRepos */,
				7835C19C2228012800DA74EE /* FavoriteRepos */,
			);
			path = Modules;
			sourceTree = "<group>";
		};
		78100BA02226B6860006D870 /* Supporting-files */ = {
			isa = PBXGroup;
			children = (
				78100B952226B5C00006D870 /* Info.plist */,
				7859C7F12226C21900505AB8 /* Stanwood-assignment-Bridging-Header.h */,
			);
			path = "Supporting-files";
			sourceTree = "<group>";
		};
		7835C19A222800C400DA74EE /* Common */ = {
			isa = PBXGroup;
			children = (
				7835C1CA222843C200DA74EE /* Views */,
				7835C1B1222806A200DA74EE /* Protocols */,
			);
			path = Common;
			sourceTree = "<group>";
		};
		7835C19B2228011D00DA74EE /* FetchRepos */ = {
			isa = PBXGroup;
			children = (
				7835C19F2228015600DA74EE /* Protocols */,
				7835C1A6222801C000DA74EE /* Presenter */,
				7835C1B922280D6D00DA74EE /* Views */,
			);
			path = FetchRepos;
			sourceTree = "<group>";
		};
		7835C19C2228012800DA74EE /* FavoriteRepos */ = {
			isa = PBXGroup;
			children = (
			);
			path = FavoriteRepos;
			sourceTree = "<group>";
		};
		7835C19F2228015600DA74EE /* Protocols */ = {
			isa = PBXGroup;
			children = (
				7835C19D2228014A00DA74EE /* FetchReposModuleInput.swift */,
				7835C1A02228018400DA74EE /* FetchReposViewOutput.swift */,
				7835C1A22228019A00DA74EE /* FetchReposViewInput.swift */,
				7835C1A4222801BA00DA74EE /* FetchReposViewDataProvider.swift */,
			);
			path = Protocols;
			sourceTree = "<group>";
		};
		7835C1A6222801C000DA74EE /* Presenter */ = {
			isa = PBXGroup;
			children = (
				7835C1A7222801D200DA74EE /* FetchReposPresenter.swift */,
			);
			path = Presenter;
			sourceTree = "<group>";
		};
		7835C1A92228028600DA74EE /* Service */ = {
			isa = PBXGroup;
			children = (
				7859C7F8222700CE00505AB8 /* ReposLoadingService.swift */,
			);
			path = Service;
			sourceTree = "<group>";
		};
		7835C1AC2228053800DA74EE /* Protocols */ = {
			isa = PBXGroup;
			children = (
				7835C1AD2228055000DA74EE /* ReposListViewDataProvider.swift */,
				7835C1AF222805C300DA74EE /* ReposListViewOutput.swift */,
				7835C1B4222809D600DA74EE /* ReposListViewInput.swift */,
				7835C1D92228705300DA74EE /* ReposListModuleInput.swift */,
			);
			path = Protocols;
			sourceTree = "<group>";
		};
		7835C1B1222806A200DA74EE /* Protocols */ = {
			isa = PBXGroup;
			children = (
				7835C1B2222806AF00DA74EE /* ViewOutput.swift */,
			);
			path = Protocols;
			sourceTree = "<group>";
		};
		7835C1B922280D6D00DA74EE /* Views */ = {
			isa = PBXGroup;
			children = (
				7835C1BA22280D8700DA74EE /* FetchReposViewController.swift */,
			);
			path = Views;
			sourceTree = "<group>";
		};
		7835C1CA222843C200DA74EE /* Views */ = {
			isa = PBXGroup;
			children = (
				7835C1CB222843CF00DA74EE /* SwitcherView.swift */,
				7835C1CD222866CD00DA74EE /* PeriodSelectionView.swift */,
				7835C1CF222866F100DA74EE /* PeriodSelectionView.xib */,
			);
			path = Views;
			sourceTree = "<group>";
		};
		7835C1D222286B9100DA74EE /* RootTabController */ = {
			isa = PBXGroup;
			children = (
				7835C1DD2228767B00DA74EE /* RootTabControllerViewOutput.swift */,
				7835C1D722286D5800DA74EE /* RootTabControllerModule.swift */,
				7835C1DB2228744C00DA74EE /* RootTabbarController.swift */,
			);
			path = RootTabController;
			sourceTree = "<group>";
		};
		7859C7F52227000000505AB8 /* Networking */ = {
			isa = PBXGroup;
			children = (
				7859C7F62227000B00505AB8 /* NetworkingTransport.swift */,
			);
			path = Networking;
			sourceTree = "<group>";
		};
		7859C7FD2227137E00505AB8 /* Models */ = {
			isa = PBXGroup;
			children = (
				7859C7FE2227139400505AB8 /* Repository.swift */,
				7859C800222713BF00505AB8 /* RepositorySearchPayload.swift */,
				7835C1C0222818DA00DA74EE /* RepositoryList.swift */,
				78582BFE222A8E8800CEC75E /* CreationPeriod.swift */,
			);
			path = Models;
			sourceTree = "<group>";
		};
		7859C80422271ADB00505AB8 /* Views */ = {
			isa = PBXGroup;
			children = (
				7859C80522271AE600505AB8 /* RepoCell.swift */,
				7835C1BC22280F4300DA74EE /* RepoCell.xib */,
				7835C1AA2228043000DA74EE /* ReposListViewController.swift */,
			);
			path = Views;
			sourceTree = "<group>";
		};
		7859C80722271DC000505AB8 /* Utils */ = {
			isa = PBXGroup;
			children = (
				7835C1C822283F7000DA74EE /* LineView.swift */,
				7835C1C622283D9E00DA74EE /* EllipseView.swift */,
				7859C80822271DD000505AB8 /* Int+Additions.swift */,
				7835C1BE222814BD00DA74EE /* UICollectionViewController+Defaults.swift */,
				78582BFC222A860700CEC75E /* URLResponse+Additions.swift */,
			);
			path = Utils;
			sourceTree = "<group>";
		};
		A8F67207862070C827433A22 /* Pods */ = {
			isa = PBXGroup;
			children = (
				293BA13C0A8CC9B6ED6B2A4F /* Pods-Stanwood-assignment.debug.xcconfig */,
				D7DD8FE39AEC8A73B0432649 /* Pods-Stanwood-assignment.release.xcconfig */,
			);
			name = Pods;
			sourceTree = "<group>";
		};
/* End PBXGroup section */

/* Begin PBXNativeTarget section */
		78100B852226B5BF0006D870 /* Stanwood-assignment */ = {
			isa = PBXNativeTarget;
			buildConfigurationList = 78100B982226B5C00006D870 /* Build configuration list for PBXNativeTarget "Stanwood-assignment" */;
			buildPhases = (
				F2F094298FD65738BCBF4EEB /* [CP] Check Pods Manifest.lock */,
				78100B822226B5BF0006D870 /* Sources */,
				78100B832226B5BF0006D870 /* Frameworks */,
				78100B842226B5BF0006D870 /* Resources */,
				8DAA539300F173DE80EE1FE4 /* [CP] Embed Pods Frameworks */,
				78084D532226BEAB00674BD8 /* ShellScript */,
			);
			buildRules = (
			);
			dependencies = (
			);
			name = "Stanwood-assignment";
			productName = "Stanwood-assignment";
			productReference = 78100B862226B5BF0006D870 /* Stanwood-assignment.app */;
			productType = "com.apple.product-type.application";
		};
/* End PBXNativeTarget section */

/* Begin PBXProject section */
		78100B7E2226B5BF0006D870 /* Project object */ = {
			isa = PBXProject;
			attributes = {
				LastSwiftUpdateCheck = 1010;
				LastUpgradeCheck = 1010;
				ORGANIZATIONNAME = "Rafael Kayumov";
				TargetAttributes = {
					78100B852226B5BF0006D870 = {
						CreatedOnToolsVersion = 10.1;
						LastSwiftMigration = 1010;
					};
				};
			};
			buildConfigurationList = 78100B812226B5BF0006D870 /* Build configuration list for PBXProject "Stanwood-assignment" */;
			compatibilityVersion = "Xcode 9.3";
			developmentRegion = en;
			hasScannedForEncodings = 0;
			knownRegions = (
				en,
				Base,
			);
			mainGroup = 78100B7D2226B5BF0006D870;
			productRefGroup = 78100B872226B5BF0006D870 /* Products */;
			projectDirPath = "";
			projectRoot = "";
			targets = (
				78100B852226B5BF0006D870 /* Stanwood-assignment */,
			);
		};
/* End PBXProject section */

/* Begin PBXResourcesBuildPhase section */
		78100B842226B5BF0006D870 /* Resources */ = {
			isa = PBXResourcesBuildPhase;
			buildActionMask = 2147483647;
			files = (
				78100B942226B5C00006D870 /* LaunchScreen.storyboard in Resources */,
				7835C1D0222866F100DA74EE /* PeriodSelectionView.xib in Resources */,
				78084D602226BFF000674BD8 /* ReposListViewController.storyboard in Resources */,
				78100B912226B5C00006D870 /* Assets.xcassets in Resources */,
				7835C1BD22280F4300DA74EE /* RepoCell.xib in Resources */,
			);
			runOnlyForDeploymentPostprocessing = 0;
		};
/* End PBXResourcesBuildPhase section */

/* Begin PBXShellScriptBuildPhase section */
		78084D532226BEAB00674BD8 /* ShellScript */ = {
			isa = PBXShellScriptBuildPhase;
			buildActionMask = 2147483647;
			files = (
			);
			inputFileListPaths = (
			);
			inputPaths = (
			);
			outputFileListPaths = (
			);
			outputPaths = (
			);
			runOnlyForDeploymentPostprocessing = 0;
			shellPath = /bin/sh;
			shellScript = "\"${PODS_ROOT}/SwiftLint/swiftlint\"\n";
		};
		8DAA539300F173DE80EE1FE4 /* [CP] Embed Pods Frameworks */ = {
			isa = PBXShellScriptBuildPhase;
			buildActionMask = 2147483647;
			files = (
			);
			inputFileListPaths = (
			);
			inputPaths = (
				"${SRCROOT}/Pods/Target Support Files/Pods-Stanwood-assignment/Pods-Stanwood-assignment-frameworks.sh",
				"${BUILT_PRODUCTS_DIR}/Kingfisher/Kingfisher.framework",
				"${BUILT_PRODUCTS_DIR}/StanwoodCore/StanwoodCore.framework",
			);
			name = "[CP] Embed Pods Frameworks";
			outputFileListPaths = (
			);
			outputPaths = (
				"${TARGET_BUILD_DIR}/${FRAMEWORKS_FOLDER_PATH}/Kingfisher.framework",
				"${TARGET_BUILD_DIR}/${FRAMEWORKS_FOLDER_PATH}/StanwoodCore.framework",
			);
			runOnlyForDeploymentPostprocessing = 0;
			shellPath = /bin/sh;
			shellScript = "\"${SRCROOT}/Pods/Target Support Files/Pods-Stanwood-assignment/Pods-Stanwood-assignment-frameworks.sh\"\n";
			showEnvVarsInLog = 0;
		};
		F2F094298FD65738BCBF4EEB /* [CP] Check Pods Manifest.lock */ = {
			isa = PBXShellScriptBuildPhase;
			buildActionMask = 2147483647;
			files = (
			);
			inputFileListPaths = (
			);
			inputPaths = (
				"${PODS_PODFILE_DIR_PATH}/Podfile.lock",
				"${PODS_ROOT}/Manifest.lock",
			);
			name = "[CP] Check Pods Manifest.lock";
			outputFileListPaths = (
			);
			outputPaths = (
				"$(DERIVED_FILE_DIR)/Pods-Stanwood-assignment-checkManifestLockResult.txt",
			);
			runOnlyForDeploymentPostprocessing = 0;
			shellPath = /bin/sh;
			shellScript = "diff \"${PODS_PODFILE_DIR_PATH}/Podfile.lock\" \"${PODS_ROOT}/Manifest.lock\" > /dev/null\nif [ $? != 0 ] ; then\n    # print error to STDERR\n    echo \"error: The sandbox is not in sync with the Podfile.lock. Run 'pod install' or update your CocoaPods installation.\" >&2\n    exit 1\nfi\n# This output is used by Xcode 'outputs' to avoid re-running this script phase.\necho \"SUCCESS\" > \"${SCRIPT_OUTPUT_FILE_0}\"\n";
			showEnvVarsInLog = 0;
		};
/* End PBXShellScriptBuildPhase section */

/* Begin PBXSourcesBuildPhase section */
		78100B822226B5BF0006D870 /* Sources */ = {
			isa = PBXSourcesBuildPhase;
			buildActionMask = 2147483647;
			files = (
				7835C1982227FB4800DA74EE /* AppAssembly.swift in Sources */,
				7835C1C1222818DA00DA74EE /* RepositoryList.swift in Sources */,
				7835C1CC222843CF00DA74EE /* SwitcherView.swift in Sources */,
				7859C801222713BF00505AB8 /* RepositorySearchPayload.swift in Sources */,
				7835C1A32228019A00DA74EE /* FetchReposViewInput.swift in Sources */,
				7835C1B0222805C300DA74EE /* ReposListViewOutput.swift in Sources */,
				7835C1A12228018400DA74EE /* FetchReposViewOutput.swift in Sources */,
				78582BFF222A8E8800CEC75E /* CreationPeriod.swift in Sources */,
				7859C80922271DD000505AB8 /* Int+Additions.swift in Sources */,
				7835C1AB2228043000DA74EE /* ReposListViewController.swift in Sources */,
				7859C80622271AE600505AB8 /* RepoCell.swift in Sources */,
				78100B8A2226B5BF0006D870 /* AppDelegate.swift in Sources */,
				7835C1B3222806AF00DA74EE /* ViewOutput.swift in Sources */,
				7835C1BF222814BD00DA74EE /* UICollectionViewController+Defaults.swift in Sources */,
				7835C1962227F97500DA74EE /* AppCoordinator.swift in Sources */,
				7835C1CE222866CD00DA74EE /* PeriodSelectionView.swift in Sources */,
				7859C7FF2227139400505AB8 /* Repository.swift in Sources */,
				7835C1A8222801D200DA74EE /* FetchReposPresenter.swift in Sources */,
				7835C1C722283D9E00DA74EE /* EllipseView.swift in Sources */,
				7835C1DE2228767B00DA74EE /* RootTabControllerViewOutput.swift in Sources */,
				7835C1A5222801BA00DA74EE /* FetchReposViewDataProvider.swift in Sources */,
				7835C19E2228014A00DA74EE /* FetchReposModuleInput.swift in Sources */,
				7835C1DA2228705300DA74EE /* ReposListModuleInput.swift in Sources */,
				7835C1BB22280D8700DA74EE /* FetchReposViewController.swift in Sources */,
				7859C7F72227000B00505AB8 /* NetworkingTransport.swift in Sources */,
				7835C1C922283F7000DA74EE /* LineView.swift in Sources */,
				7835C1DC2228744C00DA74EE /* RootTabbarController.swift in Sources */,
				7835C1D822286D5800DA74EE /* RootTabControllerModule.swift in Sources */,
				78582BFD222A860700CEC75E /* URLResponse+Additions.swift in Sources */,
				7835C1B5222809D600DA74EE /* ReposListViewInput.swift in Sources */,
				7859C7F9222700CE00505AB8 /* ReposLoadingService.swift in Sources */,
				7835C1AE2228055000DA74EE /* ReposListViewDataProvider.swift in Sources */,
			);
			runOnlyForDeploymentPostprocessing = 0;
		};
/* End PBXSourcesBuildPhase section */

/* Begin PBXVariantGroup section */
		78100B922226B5C00006D870 /* LaunchScreen.storyboard */ = {
			isa = PBXVariantGroup;
			children = (
				78100B932226B5C00006D870 /* Base */,
			);
			name = LaunchScreen.storyboard;
			sourceTree = "<group>";
		};
/* End PBXVariantGroup section */

/* Begin XCBuildConfiguration section */
		78100B962226B5C00006D870 /* Debug */ = {
			isa = XCBuildConfiguration;
			buildSettings = {
				ALWAYS_SEARCH_USER_PATHS = NO;
				CLANG_ANALYZER_NONNULL = YES;
				CLANG_ANALYZER_NUMBER_OBJECT_CONVERSION = YES_AGGRESSIVE;
				CLANG_CXX_LANGUAGE_STANDARD = "gnu++14";
				CLANG_CXX_LIBRARY = "libc++";
				CLANG_ENABLE_MODULES = YES;
				CLANG_ENABLE_OBJC_ARC = YES;
				CLANG_ENABLE_OBJC_WEAK = YES;
				CLANG_WARN_BLOCK_CAPTURE_AUTORELEASING = YES;
				CLANG_WARN_BOOL_CONVERSION = YES;
				CLANG_WARN_COMMA = YES;
				CLANG_WARN_CONSTANT_CONVERSION = YES;
				CLANG_WARN_DEPRECATED_OBJC_IMPLEMENTATIONS = YES;
				CLANG_WARN_DIRECT_OBJC_ISA_USAGE = YES_ERROR;
				CLANG_WARN_DOCUMENTATION_COMMENTS = YES;
				CLANG_WARN_EMPTY_BODY = YES;
				CLANG_WARN_ENUM_CONVERSION = YES;
				CLANG_WARN_INFINITE_RECURSION = YES;
				CLANG_WARN_INT_CONVERSION = YES;
				CLANG_WARN_NON_LITERAL_NULL_CONVERSION = YES;
				CLANG_WARN_OBJC_IMPLICIT_RETAIN_SELF = YES;
				CLANG_WARN_OBJC_LITERAL_CONVERSION = YES;
				CLANG_WARN_OBJC_ROOT_CLASS = YES_ERROR;
				CLANG_WARN_RANGE_LOOP_ANALYSIS = YES;
				CLANG_WARN_STRICT_PROTOTYPES = YES;
				CLANG_WARN_SUSPICIOUS_MOVE = YES;
				CLANG_WARN_UNGUARDED_AVAILABILITY = YES_AGGRESSIVE;
				CLANG_WARN_UNREACHABLE_CODE = YES;
				CLANG_WARN__DUPLICATE_METHOD_MATCH = YES;
				CODE_SIGN_IDENTITY = "iPhone Developer";
				COPY_PHASE_STRIP = NO;
				DEBUG_INFORMATION_FORMAT = dwarf;
				ENABLE_STRICT_OBJC_MSGSEND = YES;
				ENABLE_TESTABILITY = YES;
				GCC_C_LANGUAGE_STANDARD = gnu11;
				GCC_DYNAMIC_NO_PIC = NO;
				GCC_NO_COMMON_BLOCKS = YES;
				GCC_OPTIMIZATION_LEVEL = 0;
				GCC_PREPROCESSOR_DEFINITIONS = (
					"DEBUG=1",
					"$(inherited)",
				);
				GCC_WARN_64_TO_32_BIT_CONVERSION = YES;
				GCC_WARN_ABOUT_RETURN_TYPE = YES_ERROR;
				GCC_WARN_UNDECLARED_SELECTOR = YES;
				GCC_WARN_UNINITIALIZED_AUTOS = YES_AGGRESSIVE;
				GCC_WARN_UNUSED_FUNCTION = YES;
				GCC_WARN_UNUSED_VARIABLE = YES;
				IPHONEOS_DEPLOYMENT_TARGET = 12.1;
				MTL_ENABLE_DEBUG_INFO = INCLUDE_SOURCE;
				MTL_FAST_MATH = YES;
				ONLY_ACTIVE_ARCH = YES;
				SDKROOT = iphoneos;
				SWIFT_ACTIVE_COMPILATION_CONDITIONS = DEBUG;
				SWIFT_OPTIMIZATION_LEVEL = "-Onone";
			};
			name = Debug;
		};
		78100B972226B5C00006D870 /* Release */ = {
			isa = XCBuildConfiguration;
			buildSettings = {
				ALWAYS_SEARCH_USER_PATHS = NO;
				CLANG_ANALYZER_NONNULL = YES;
				CLANG_ANALYZER_NUMBER_OBJECT_CONVERSION = YES_AGGRESSIVE;
				CLANG_CXX_LANGUAGE_STANDARD = "gnu++14";
				CLANG_CXX_LIBRARY = "libc++";
				CLANG_ENABLE_MODULES = YES;
				CLANG_ENABLE_OBJC_ARC = YES;
				CLANG_ENABLE_OBJC_WEAK = YES;
				CLANG_WARN_BLOCK_CAPTURE_AUTORELEASING = YES;
				CLANG_WARN_BOOL_CONVERSION = YES;
				CLANG_WARN_COMMA = YES;
				CLANG_WARN_CONSTANT_CONVERSION = YES;
				CLANG_WARN_DEPRECATED_OBJC_IMPLEMENTATIONS = YES;
				CLANG_WARN_DIRECT_OBJC_ISA_USAGE = YES_ERROR;
				CLANG_WARN_DOCUMENTATION_COMMENTS = YES;
				CLANG_WARN_EMPTY_BODY = YES;
				CLANG_WARN_ENUM_CONVERSION = YES;
				CLANG_WARN_INFINITE_RECURSION = YES;
				CLANG_WARN_INT_CONVERSION = YES;
				CLANG_WARN_NON_LITERAL_NULL_CONVERSION = YES;
				CLANG_WARN_OBJC_IMPLICIT_RETAIN_SELF = YES;
				CLANG_WARN_OBJC_LITERAL_CONVERSION = YES;
				CLANG_WARN_OBJC_ROOT_CLASS = YES_ERROR;
				CLANG_WARN_RANGE_LOOP_ANALYSIS = YES;
				CLANG_WARN_STRICT_PROTOTYPES = YES;
				CLANG_WARN_SUSPICIOUS_MOVE = YES;
				CLANG_WARN_UNGUARDED_AVAILABILITY = YES_AGGRESSIVE;
				CLANG_WARN_UNREACHABLE_CODE = YES;
				CLANG_WARN__DUPLICATE_METHOD_MATCH = YES;
				CODE_SIGN_IDENTITY = "iPhone Developer";
				COPY_PHASE_STRIP = NO;
				DEBUG_INFORMATION_FORMAT = "dwarf-with-dsym";
				ENABLE_NS_ASSERTIONS = NO;
				ENABLE_STRICT_OBJC_MSGSEND = YES;
				GCC_C_LANGUAGE_STANDARD = gnu11;
				GCC_NO_COMMON_BLOCKS = YES;
				GCC_WARN_64_TO_32_BIT_CONVERSION = YES;
				GCC_WARN_ABOUT_RETURN_TYPE = YES_ERROR;
				GCC_WARN_UNDECLARED_SELECTOR = YES;
				GCC_WARN_UNINITIALIZED_AUTOS = YES_AGGRESSIVE;
				GCC_WARN_UNUSED_FUNCTION = YES;
				GCC_WARN_UNUSED_VARIABLE = YES;
				IPHONEOS_DEPLOYMENT_TARGET = 12.1;
				MTL_ENABLE_DEBUG_INFO = NO;
				MTL_FAST_MATH = YES;
				SDKROOT = iphoneos;
				SWIFT_COMPILATION_MODE = wholemodule;
				SWIFT_OPTIMIZATION_LEVEL = "-O";
				VALIDATE_PRODUCT = YES;
			};
			name = Release;
		};
		78100B992226B5C00006D870 /* Debug */ = {
			isa = XCBuildConfiguration;
			baseConfigurationReference = 293BA13C0A8CC9B6ED6B2A4F /* Pods-Stanwood-assignment.debug.xcconfig */;
			buildSettings = {
				ASSETCATALOG_COMPILER_APPICON_NAME = AppIcon;
				CLANG_ENABLE_MODULES = YES;
				CODE_SIGN_STYLE = Automatic;
				INFOPLIST_FILE = "$(SRCROOT)/Stanwood-assignment/Supporting-files/Info.plist";
				LD_RUNPATH_SEARCH_PATHS = (
					"$(inherited)",
					"@executable_path/Frameworks",
				);
				PRODUCT_BUNDLE_IDENTIFIER = "Rafael-Kayumov.Stanwood-assignment";
				PRODUCT_NAME = "$(TARGET_NAME)";
				SWIFT_OBJC_BRIDGING_HEADER = "Stanwood-assignment/Supporting-files/Stanwood-assignment-Bridging-Header.h";
				SWIFT_OPTIMIZATION_LEVEL = "-Onone";
				SWIFT_VERSION = 4.2;
				TARGETED_DEVICE_FAMILY = "1,2";
			};
			name = Debug;
		};
		78100B9A2226B5C00006D870 /* Release */ = {
			isa = XCBuildConfiguration;
			baseConfigurationReference = D7DD8FE39AEC8A73B0432649 /* Pods-Stanwood-assignment.release.xcconfig */;
			buildSettings = {
				ASSETCATALOG_COMPILER_APPICON_NAME = AppIcon;
				CLANG_ENABLE_MODULES = YES;
				CODE_SIGN_STYLE = Automatic;
				INFOPLIST_FILE = "$(SRCROOT)/Stanwood-assignment/Supporting-files/Info.plist";
				LD_RUNPATH_SEARCH_PATHS = (
					"$(inherited)",
					"@executable_path/Frameworks",
				);
				PRODUCT_BUNDLE_IDENTIFIER = "Rafael-Kayumov.Stanwood-assignment";
				PRODUCT_NAME = "$(TARGET_NAME)";
				SWIFT_OBJC_BRIDGING_HEADER = "Stanwood-assignment/Supporting-files/Stanwood-assignment-Bridging-Header.h";
				SWIFT_VERSION = 4.2;
				TARGETED_DEVICE_FAMILY = "1,2";
			};
			name = Release;
		};
/* End XCBuildConfiguration section */

/* Begin XCConfigurationList section */
		78100B812226B5BF0006D870 /* Build configuration list for PBXProject "Stanwood-assignment" */ = {
			isa = XCConfigurationList;
			buildConfigurations = (
				78100B962226B5C00006D870 /* Debug */,
				78100B972226B5C00006D870 /* Release */,
			);
			defaultConfigurationIsVisible = 0;
			defaultConfigurationName = Release;
		};
		78100B982226B5C00006D870 /* Build configuration list for PBXNativeTarget "Stanwood-assignment" */ = {
			isa = XCConfigurationList;
			buildConfigurations = (
				78100B992226B5C00006D870 /* Debug */,
				78100B9A2226B5C00006D870 /* Release */,
			);
			defaultConfigurationIsVisible = 0;
			defaultConfigurationName = Release;
		};
/* End XCConfigurationList section */
	};
	rootObject = 78100B7E2226B5BF0006D870 /* Project object */;
}
